
Microsoft Visual Studio Solution File, Format Version 12.00
# Visual Studio Version 16
VisualStudioVersion = 16.0.31229.75
MinimumVisualStudioVersion = 10.0.40219.1
Project("{FAE04EC0-301F-11D3-BF4B-00C04F79EFBC}") = "Loja.UI", "Loja\Loja.UI.csproj", "{D4D4EFDC-1AFD-46A1-8262-7CAE2CA931F6}"
EndProject
Project("{FAE04EC0-301F-11D3-BF4B-00C04F79EFBC}") = "Loja.DTO", "Loja.DTO2\Loja.DTO.csproj", "{5D72D08A-BD00-4804-92E5-B1010E8F42B1}"
EndProject
Project("{FAE04EC0-301F-11D3-BF4B-00C04F79EFBC}") = "Loja.BLL", "Loja.BLL1\Loja.BLL.csproj", "{4326E94E-0D98-42FA-BFCF-661A6534E03E}"
EndProject
Project("{FAE04EC0-301F-11D3-BF4B-00C04F79EFBC}") = "Loja.DAL", "Loja.DAL1\Loja.DAL.csproj", "{81C74DC5-C69F-47F5-9734-2F798ACD4AFC}"
EndProject
Global
	GlobalSection(SolutionConfigurationPlatforms) = preSolution
		Debug|Any CPU = Debug|Any CPU
		Release|Any CPU = Release|Any CPU
	EndGlobalSection
	GlobalSection(ProjectConfigurationPlatforms) = postSolution
		{D4D4EFDC-1AFD-46A1-8262-7CAE2CA931F6}.Debug|Any CPU.ActiveCfg = Debug|Any CPU
		{D4D4EFDC-1AFD-46A1-8262-7CAE2CA931F6}.Debug|Any CPU.Build.0 = Debug|Any CPU
		{D4D4EFDC-1AFD-46A1-8262-7CAE2CA931F6}.Release|Any CPU.ActiveCfg = Release|Any CPU
		{D4D4EFDC-1AFD-46A1-8262-7CAE2CA931F6}.Release|Any CPU.Build.0 = Release|Any CPU
		{5D72D08A-BD00-4804-92E5-B1010E8F42B1}.Debug|Any CPU.ActiveCfg = Debug|Any CPU
		{5D72D08A-BD00-4804-92E5-B1010E8F42B1}.Debug|Any CPU.Build.0 = Debug|Any CPU
		{5D72D08A-BD00-4804-92E5-B1010E8F42B1}.Release|Any CPU.ActiveCfg = Release|Any CPU
		{5D72D08A-BD00-4804-92E5-B1010E8F42B1}.Release|Any CPU.Build.0 = Release|Any CPU
		{4326E94E-0D98-42FA-BFCF-661A6534E03E}.Debug|Any CPU.ActiveCfg = Debug|Any CPU
		{4326E94E-0D98-42FA-BFCF-661A6534E03E}.Debug|Any CPU.Build.0 = Debug|Any CPU
		{4326E94E-0D98-42FA-BFCF-661A6534E03E}.Release|Any CPU.ActiveCfg = Release|Any CPU
		{4326E94E-0D98-42FA-BFCF-661A6534E03E}.Release|Any CPU.Build.0 = Release|Any CPU
		{81C74DC5-C69F-47F5-9734-2F798ACD4AFC}.Debug|Any CPU.ActiveCfg = Debug|Any CPU
		{81C74DC5-C69F-47F5-9734-2F798ACD4AFC}.Debug|Any CPU.Build.0 = Debug|Any CPU
		{81C74DC5-C69F-47F5-9734-2F798ACD4AFC}.Release|Any CPU.ActiveCfg = Release|Any CPU
		{81C74DC5-C69F-47F5-9734-2F798ACD4AFC}.Release|Any CPU.Build.0 = Release|Any CPU
	EndGlobalSection
	GlobalSection(SolutionProperties) = preSolution
		HideSolutionNode = FALSE
	EndGlobalSection
	GlobalSection(ExtensibilityGlobals) = postSolution
		SolutionGuid = {4AC4BA32-4DDF-4DFF-9C6D-BE524B6ED419}
	EndGlobalSection
EndGlobal
